// !$*UTF8*$!
{
	archiveVersion = 1;
	classes = {
	};
	objectVersion = 46;
	objects = {

/* Begin PBXBuildFile section */
		ED9122A4214C4FD400C98DC6 /* main.cpp in Sources */ = {isa = PBXBuildFile; fileRef = ED9122A3214C4FD400C98DC6 /* main.cpp */; };
		ED9122B3214CE72F00C98DC6 /* Graphics.cpp in Sources */ = {isa = PBXBuildFile; fileRef = ED9122B1214CE72F00C98DC6 /* Graphics.cpp */; };
		ED9122B6214CEF2200C98DC6 /* GameManager.cpp in Sources */ = {isa = PBXBuildFile; fileRef = ED9122B5214CEF2200C98DC6 /* GameManager.cpp */; };
/* End PBXBuildFile section */

/* Begin PBXCopyFilesBuildPhase section */
		ED91229E214C4FD400C98DC6 /* CopyFiles */ = {
			isa = PBXCopyFilesBuildPhase;
			buildActionMask = 2147483647;
			dstPath = /usr/share/man/man1/;
			dstSubfolderSpec = 0;
			files = (
			);
			runOnlyForDeploymentPostprocessing = 1;
		};
/* End PBXCopyFilesBuildPhase section */

/* Begin PBXFileReference section */
		ED9122A0214C4FD400C98DC6 /* SDLTutorial */ = {isa = PBXFileReference; explicitFileType = "compiled.mach-o.executable"; includeInIndex = 0; path = SDLTutorial; sourceTree = BUILT_PRODUCTS_DIR; };
		ED9122A3214C4FD400C98DC6 /* main.cpp */ = {isa = PBXFileReference; lastKnownFileType = sourcecode.cpp.cpp; path = main.cpp; sourceTree = "<group>"; };
		ED9122AF214CE5F600C98DC6 /* Graphics.h */ = {isa = PBXFileReference; lastKnownFileType = sourcecode.c.h; name = Graphics.h; path = SDLTutorial/SDLTutorial/Graphics.h; sourceTree = "<group>"; };
		ED9122B1214CE72F00C98DC6 /* Graphics.cpp */ = {isa = PBXFileReference; fileEncoding = 4; lastKnownFileType = sourcecode.cpp.cpp; name = Graphics.cpp; path = SDLTutorial/SDLTutorial/Graphics.cpp; sourceTree = "<group>"; };
		ED9122B4214CEE7200C98DC6 /* GameManager.h */ = {isa = PBXFileReference; lastKnownFileType = sourcecode.c.h; name = GameManager.h; path = SDLTutorial/SDLTutorial/GameManager.h; sourceTree = "<group>"; };
		ED9122B5214CEF2200C98DC6 /* GameManager.cpp */ = {isa = PBXFileReference; fileEncoding = 4; lastKnownFileType = sourcecode.cpp.cpp; name = GameManager.cpp; path = SDLTutorial/SDLTutorial/GameManager.cpp; sourceTree = "<group>"; };
/* End PBXFileReference section */

/* Begin PBXFrameworksBuildPhase section */
		ED91229D214C4FD400C98DC6 /* Frameworks */ = {
			isa = PBXFrameworksBuildPhase;
			buildActionMask = 2147483647;
			files = (
			);
			runOnlyForDeploymentPostprocessing = 0;
		};
/* End PBXFrameworksBuildPhase section */

/* Begin PBXGroup section */
		ED912297214C4FD400C98DC6 = {
			isa = PBXGroup;
			children = (
				ED9122B0214CE70C00C98DC6 /* Source Files */,
				ED9122AE214CE5D000C98DC6 /* Header Files */,
				ED9122A2214C4FD400C98DC6 /* SDLTutorial */,
				ED9122A1214C4FD400C98DC6 /* Products */,
			);
			sourceTree = "<group>";
		};
		ED9122A1214C4FD400C98DC6 /* Products */ = {
			isa = PBXGroup;
			children = (
				ED9122A0214C4FD400C98DC6 /* SDLTutorial */,
			);
			name = Products;
			sourceTree = "<group>";
		};
		ED9122A2214C4FD400C98DC6 /* SDLTutorial */ = {
			isa = PBXGroup;
			children = (
				ED9122A3214C4FD400C98DC6 /* main.cpp */,
			);
			path = SDLTutorial;
			sourceTree = "<group>";
		};
		ED9122AE214CE5D000C98DC6 /* Header Files */ = {
			isa = PBXGroup;
			children = (
				ED9122AF214CE5F600C98DC6 /* Graphics.h */,
				ED9122B4214CEE7200C98DC6 /* GameManager.h */,
			);
			name = "Header Files";
			path = ..;
			sourceTree = "<group>";
		};
		ED9122B0214CE70C00C98DC6 /* Source Files */ = {
			isa = PBXGroup;
			children = (
				ED9122B1214CE72F00C98DC6 /* Graphics.cpp */,
				ED9122B5214CEF2200C98DC6 /* GameManager.cpp */,
			);
			name = "Source Files";
			path = ..;
			sourceTree = "<group>";
		};
/* End PBXGroup section */

/* Begin PBXNativeTarget section */
		ED91229F214C4FD400C98DC6 /* SDLTutorial */ = {
			isa = PBXNativeTarget;
			buildConfigurationList = ED9122A7214C4FD400C98DC6 /* Build configuration list for PBXNativeTarget "SDLTutorial" */;
			buildPhases = (
				ED91229C214C4FD400C98DC6 /* Sources */,
				ED91229D214C4FD400C98DC6 /* Frameworks */,
				ED91229E214C4FD400C98DC6 /* CopyFiles */,
			);
			buildRules = (
			);
			dependencies = (
			);
			name = SDLTutorial;
			productName = SDLTutorial;
			productReference = ED9122A0214C4FD400C98DC6 /* SDLTutorial */;
			productType = "com.apple.product-type.tool";
		};
/* End PBXNativeTarget section */

/* Begin PBXProject section */
		ED912298214C4FD400C98DC6 /* Project object */ = {
			isa = PBXProject;
			attributes = {
				LastUpgradeCheck = 0800;
				ORGANIZATIONNAME = "Dustin Beck";
				TargetAttributes = {
					ED91229F214C4FD400C98DC6 = {
						CreatedOnToolsVersion = 8.0;
						DevelopmentTeam = H47Z36Q7TF;
						ProvisioningStyle = Automatic;
					};
				};
			};
			buildConfigurationList = ED91229B214C4FD400C98DC6 /* Build configuration list for PBXProject "SDLTutorial" */;
			compatibilityVersion = "Xcode 3.2";
			developmentRegion = English;
			hasScannedForEncodings = 0;
			knownRegions = (
				en,
			);
			mainGroup = ED912297214C4FD400C98DC6;
			productRefGroup = ED9122A1214C4FD400C98DC6 /* Products */;
			projectDirPath = "";
			projectRoot = "";
			targets = (
				ED91229F214C4FD400C98DC6 /* SDLTutorial */,
			);
		};
/* End PBXProject section */

/* Begin PBXSourcesBuildPhase section */
		ED91229C214C4FD400C98DC6 /* Sources */ = {
			isa = PBXSourcesBuildPhase;
			buildActionMask = 2147483647;
			files = (
				ED9122B3214CE72F00C98DC6 /* Graphics.cpp in Sources */,
				ED9122B6214CEF2200C98DC6 /* GameManager.cpp in Sources */,
				ED9122A4214C4FD400C98DC6 /* main.cpp in Sources */,
			);
			runOnlyForDeploymentPostprocessing = 0;
		};
/* End PBXSourcesBuildPhase section */

/* Begin XCBuildConfiguration section */
		ED9122A5214C4FD400C98DC6 /* Debug */ = {
			isa = XCBuildConfiguration;
			buildSettings = {
				ALWAYS_SEARCH_USER_PATHS = NO;
				CLANG_ANALYZER_NONNULL = YES;
				CLANG_CXX_LANGUAGE_STANDARD = "gnu++0x";
				CLANG_CXX_LIBRARY = "libc++";
				CLANG_ENABLE_MODULES = YES;
				CLANG_ENABLE_OBJC_ARC = YES;
				CLANG_WARN_BOOL_CONVERSION = YES;
				CLANG_WARN_CONSTANT_CONVERSION = YES;
				CLANG_WARN_DIRECT_OBJC_ISA_USAGE = YES_ERROR;
				CLANG_WARN_DOCUMENTATION_COMMENTS = YES;
				CLANG_WARN_EMPTY_BODY = YES;
				CLANG_WARN_ENUM_CONVERSION = YES;
				CLANG_WARN_INFINITE_RECURSION = YES;
				CLANG_WARN_INT_CONVERSION = YES;
				CLANG_WARN_OBJC_ROOT_CLASS = YES_ERROR;
				CLANG_WARN_SUSPICIOUS_MOVES = YES;
				CLANG_WARN_UNREACHABLE_CODE = YES;
				CLANG_WARN__DUPLICATE_METHOD_MATCH = YES;
				CODE_SIGN_IDENTITY = "-";
				COPY_PHASE_STRIP = NO;
				DEBUG_INFORMATION_FORMAT = dwarf;
				ENABLE_STRICT_OBJC_MSGSEND = YES;
				ENABLE_TESTABILITY = YES;
				GCC_C_LANGUAGE_STANDARD = gnu99;
				GCC_DYNAMIC_NO_PIC = NO;
				GCC_NO_COMMON_BLOCKS = YES;
				GCC_OPTIMIZATION_LEVEL = 0;
				GCC_PREPROCESSOR_DEFINITIONS = (
					"DEBUG=1",
					"$(inherited)",
				);
				GCC_WARN_64_TO_32_BIT_CONVERSION = YES;
				GCC_WARN_ABOUT_RETURN_TYPE = YES_ERROR;
				GCC_WARN_UNDECLARED_SELECTOR = YES;
				GCC_WARN_UNINITIALIZED_AUTOS = YES_AGGRESSIVE;
				GCC_WARN_UNUSED_FUNCTION = YES;
				GCC_WARN_UNUSED_VARIABLE = YES;
				MACOSX_DEPLOYMENT_TARGET = 10.11;
				MTL_ENABLE_DEBUG_INFO = YES;
				ONLY_ACTIVE_ARCH = YES;
				SDKROOT = macosx;
			};
			name = Debug;
		};
		ED9122A6214C4FD400C98DC6 /* Release */ = {
			isa = XCBuildConfiguration;
			buildSettings = {
				ALWAYS_SEARCH_USER_PATHS = NO;
				CLANG_ANALYZER_NONNULL = YES;
				CLANG_CXX_LANGUAGE_STANDARD = "gnu++0x";
				CLANG_CXX_LIBRARY = "libc++";
				CLANG_ENABLE_MODULES = YES;
				CLANG_ENABLE_OBJC_ARC = YES;
				CLANG_WARN_BOOL_CONVERSION = YES;
				CLANG_WARN_CONSTANT_CONVERSION = YES;
				CLANG_WARN_DIRECT_OBJC_ISA_USAGE = YES_ERROR;
				CLANG_WARN_DOCUMENTATION_COMMENTS = YES;
				CLANG_WARN_EMPTY_BODY = YES;
				CLANG_WARN_ENUM_CONVERSION = YES;
				CLANG_WARN_INFINITE_RECURSION = YES;
				CLANG_WARN_INT_CONVERSION = YES;
				CLANG_WARN_OBJC_ROOT_CLASS = YES_ERROR;
				CLANG_WARN_SUSPICIOUS_MOVES = YES;
				CLANG_WARN_UNREACHABLE_CODE = YES;
				CLANG_WARN__DUPLICATE_METHOD_MATCH = YES;
				CODE_SIGN_IDENTITY = "-";
				COPY_PHASE_STRIP = NO;
				DEBUG_INFORMATION_FORMAT = "dwarf-with-dsym";
				ENABLE_NS_ASSERTIONS = NO;
				ENABLE_STRICT_OBJC_MSGSEND = YES;
				GCC_C_LANGUAGE_STANDARD = gnu99;
				GCC_NO_COMMON_BLOCKS = YES;
				GCC_WARN_64_TO_32_BIT_CONVERSION = YES;
				GCC_WARN_ABOUT_RETURN_TYPE = YES_ERROR;
				GCC_WARN_UNDECLARED_SELECTOR = YES;
				GCC_WARN_UNINITIALIZED_AUTOS = YES_AGGRESSIVE;
				GCC_WARN_UNUSED_FUNCTION = YES;
				GCC_WARN_UNUSED_VARIABLE = YES;
				MACOSX_DEPLOYMENT_TARGET = 10.11;
				MTL_ENABLE_DEBUG_INFO = NO;
				SDKROOT = macosx;
			};
			name = Release;
		};
		ED9122A8214C4FD400C98DC6 /* Debug */ = {
			isa = XCBuildConfiguration;
			buildSettings = {
				ALWAYS_SEARCH_USER_PATHS = NO;
				DEVELOPMENT_TEAM = H47Z36Q7TF;
				FRAMEWORK_SEARCH_PATHS = (
					"$(USER_LIBRARY_DIR)/Frameworks",
					"$(LOCAL_LIBRARY_DIR)/Frameworks",
				);
				HEADER_SEARCH_PATHS = (
					"$(USER_LIBRARY_DIR)/Frameworks",
					"$(LOCAL_LIBRARY_DIR)/Frameworks",
				);
				PRODUCT_NAME = "$(TARGET_NAME)";
			};
			name = Debug;
		};
		ED9122A9214C4FD400C98DC6 /* Release */ = {
			isa = XCBuildConfiguration;
			buildSettings = {
				ALWAYS_SEARCH_USER_PATHS = NO;
				DEVELOPMENT_TEAM = H47Z36Q7TF;
				FRAMEWORK_SEARCH_PATHS = (
					"$(USER_LIBRARY_DIR)/Frameworks",
					"$(LOCAL_LIBRARY_DIR)/Frameworks",
				);
				HEADER_SEARCH_PATHS = (
					"$(USER_LIBRARY_DIR)/Frameworks",
					"$(LOCAL_LIBRARY_DIR)/Frameworks",
				);
				PRODUCT_NAME = "$(TARGET_NAME)";
			};
			name = Release;
		};
/* End XCBuildConfiguration section */

/* Begin XCConfigurationList section */
		ED91229B214C4FD400C98DC6 /* Build configuration list for PBXProject "SDLTutorial" */ = {
			isa = XCConfigurationList;
			buildConfigurations = (
				ED9122A5214C4FD400C98DC6 /* Debug */,
				ED9122A6214C4FD400C98DC6 /* Release */,
			);
			defaultConfigurationIsVisible = 0;
			defaultConfigurationName = Release;
		};
		ED9122A7214C4FD400C98DC6 /* Build configuration list for PBXNativeTarget "SDLTutorial" */ = {
			isa = XCConfigurationList;
			buildConfigurations = (
				ED9122A8214C4FD400C98DC6 /* Debug */,
				ED9122A9214C4FD400C98DC6 /* Release */,
			);
			defaultConfigurationIsVisible = 0;
		};
/* End XCConfigurationList section */
	};
	rootObject = ED912298214C4FD400C98DC6 /* Project object */;
}
