// !$*UTF8*$!
{
	archiveVersion = 1;
	classes = {
	};
	objectVersion = 45;
	objects = {

/* Begin PBXBuildFile section */
		ED1019352151A3C4000F6EDA /* StartScreen.cpp in Sources */ = {isa = PBXBuildFile; fileRef = ED1019342151A3C4000F6EDA /* StartScreen.cpp */; };
		ED1019382151D6CA000F6EDA /* Star.cpp in Sources */ = {isa = PBXBuildFile; fileRef = ED1019372151D6CA000F6EDA /* Star.cpp */; };
		ED10193C2151DEAA000F6EDA /* StarLayer.cpp in Sources */ = {isa = PBXBuildFile; fileRef = ED10193B2151DEAA000F6EDA /* StarLayer.cpp */; };
		ED10193F2151E127000F6EDA /* BackgroundStars.cpp in Sources */ = {isa = PBXBuildFile; fileRef = ED10193E2151E127000F6EDA /* BackgroundStars.cpp */; };
		ED1019422151E808000F6EDA /* Scoreboard.cpp in Sources */ = {isa = PBXBuildFile; fileRef = ED1019412151E808000F6EDA /* Scoreboard.cpp */; };
		ED16201C2151F2F400E21B76 /* ScreenManager.cpp in Sources */ = {isa = PBXBuildFile; fileRef = ED16201B2151F2F400E21B76 /* ScreenManager.cpp */; };
		ED16201F2152F06C00E21B76 /* PlayScreen.cpp in Sources */ = {isa = PBXBuildFile; fileRef = ED16201E2152F06C00E21B76 /* PlayScreen.cpp */; };
		ED1620222152F5B200E21B76 /* PlaySideBar.cpp in Sources */ = {isa = PBXBuildFile; fileRef = ED1620212152F5B200E21B76 /* PlaySideBar.cpp */; };
		ED1620252153393900E21B76 /* Level.cpp in Sources */ = {isa = PBXBuildFile; fileRef = ED1620242153393900E21B76 /* Level.cpp */; };
		ED1620282154301400E21B76 /* Player.cpp in Sources */ = {isa = PBXBuildFile; fileRef = ED1620272154301400E21B76 /* Player.cpp */; };
		ED16202B21548F5A00E21B76 /* Bullet.cpp in Sources */ = {isa = PBXBuildFile; fileRef = ED16202A21548F5A00E21B76 /* Bullet.cpp */; };
		ED31EBB92158862B003335D8 /* Wasp.cpp in Sources */ = {isa = PBXBuildFile; fileRef = ED31EBB82158862B003335D8 /* Wasp.cpp */; };
		ED31EBBC21588C4D003335D8 /* Boss.cpp in Sources */ = {isa = PBXBuildFile; fileRef = ED31EBBB21588C4D003335D8 /* Boss.cpp */; };
		ED44724D2155CF6D004BCD9B /* BezierPath.cpp in Sources */ = {isa = PBXBuildFile; fileRef = ED44724C2155CF6D004BCD9B /* BezierPath.cpp */; };
		ED4472502155D33B004BCD9B /* Enemy.cpp in Sources */ = {isa = PBXBuildFile; fileRef = ED44724F2155D33B004BCD9B /* Enemy.cpp */; };
		ED44726B2156CB23004BCD9B /* Formation.cpp in Sources */ = {isa = PBXBuildFile; fileRef = ED44726A2156CB23004BCD9B /* Formation.cpp */; };
		ED44726E2156D527004BCD9B /* Butterfly.cpp in Sources */ = {isa = PBXBuildFile; fileRef = ED44726D2156D527004BCD9B /* Butterfly.cpp */; };
		ED9122A4214C4FD400C98DC6 /* main.cpp in Sources */ = {isa = PBXBuildFile; fileRef = ED9122A3214C4FD400C98DC6 /* main.cpp */; };
		ED9122B3214CE72F00C98DC6 /* Graphics.cpp in Sources */ = {isa = PBXBuildFile; fileRef = ED9122B1214CE72F00C98DC6 /* Graphics.cpp */; };
		ED9122B6214CEF2200C98DC6 /* GameManager.cpp in Sources */ = {isa = PBXBuildFile; fileRef = ED9122B5214CEF2200C98DC6 /* GameManager.cpp */; };
		ED9122C5214CFBFD00C98DC6 /* SDL2_image.framework in Frameworks */ = {isa = PBXBuildFile; fileRef = ED9122C1214CFBFD00C98DC6 /* SDL2_image.framework */; };
		ED9122C6214CFBFD00C98DC6 /* SDL2_mixer.framework in Frameworks */ = {isa = PBXBuildFile; fileRef = ED9122C2214CFBFD00C98DC6 /* SDL2_mixer.framework */; };
		ED9122C7214CFBFD00C98DC6 /* SDL2_ttf.framework in Frameworks */ = {isa = PBXBuildFile; fileRef = ED9122C3214CFBFD00C98DC6 /* SDL2_ttf.framework */; };
		ED9122C8214CFBFD00C98DC6 /* SDL2.framework in Frameworks */ = {isa = PBXBuildFile; fileRef = ED9122C4214CFBFD00C98DC6 /* SDL2.framework */; };
		ED9122CB214DCE6800C98DC6 /* Timer.cpp in Sources */ = {isa = PBXBuildFile; fileRef = ED9122CA214DCE6800C98DC6 /* Timer.cpp */; };
		ED9122D1214DD70E00C98DC6 /* GameEntity.cpp in Sources */ = {isa = PBXBuildFile; fileRef = ED9122D0214DD70E00C98DC6 /* GameEntity.cpp */; };
		ED9122D4214DE30A00C98DC6 /* Texture.cpp in Sources */ = {isa = PBXBuildFile; fileRef = ED9122D3214DE30A00C98DC6 /* Texture.cpp */; };
		ED9122D7214EF08300C98DC6 /* AssetManager.cpp in Sources */ = {isa = PBXBuildFile; fileRef = ED9122D6214EF08300C98DC6 /* AssetManager.cpp */; };
		ED9122DA2150782C00C98DC6 /* InputManager.cpp in Sources */ = {isa = PBXBuildFile; fileRef = ED9122D92150782C00C98DC6 /* InputManager.cpp */; };
		ED9122DD215082E400C98DC6 /* AnimatedTexture.cpp in Sources */ = {isa = PBXBuildFile; fileRef = ED9122DC215082E400C98DC6 /* AnimatedTexture.cpp */; };
		ED9122E021509D2200C98DC6 /* AudioManager.cpp in Sources */ = {isa = PBXBuildFile; fileRef = ED9122DF21509D2200C98DC6 /* AudioManager.cpp */; };
/* End PBXBuildFile section */

/* Begin PBXCopyFilesBuildPhase section */
		ED91229E214C4FD400C98DC6 /* CopyFiles */ = {
			isa = PBXCopyFilesBuildPhase;
			buildActionMask = 2147483647;
			dstPath = /usr/share/man/man1/;
			dstSubfolderSpec = 0;
			files = (
			);
			runOnlyForDeploymentPostprocessing = 1;
		};
/* End PBXCopyFilesBuildPhase section */

/* Begin PBXFileReference section */
		ED10193321519899000F6EDA /* StartScreen.h */ = {isa = PBXFileReference; lastKnownFileType = sourcecode.c.h; name = StartScreen.h; path = GalagaSDL/GalagaSDL/StartScreen.h; sourceTree = "<group>"; };
		ED1019342151A3C4000F6EDA /* StartScreen.cpp */ = {isa = PBXFileReference; fileEncoding = 4; lastKnownFileType = sourcecode.cpp.cpp; name = StartScreen.cpp; path = GalagaSDL/GalagaSDL/StartScreen.cpp; sourceTree = "<group>"; };
		ED1019362151D5DD000F6EDA /* Star.h */ = {isa = PBXFileReference; lastKnownFileType = sourcecode.c.h; name = Star.h; path = GalagaSDL/GalagaSDL/Star.h; sourceTree = "<group>"; };
		ED1019372151D6CA000F6EDA /* Star.cpp */ = {isa = PBXFileReference; fileEncoding = 4; lastKnownFileType = sourcecode.cpp.cpp; name = Star.cpp; path = GalagaSDL/GalagaSDL/Star.cpp; sourceTree = "<group>"; };
		ED10193A2151DE21000F6EDA /* StarLayer.h */ = {isa = PBXFileReference; lastKnownFileType = sourcecode.c.h; name = StarLayer.h; path = GalagaSDL/GalagaSDL/StarLayer.h; sourceTree = "<group>"; };
		ED10193B2151DEAA000F6EDA /* StarLayer.cpp */ = {isa = PBXFileReference; fileEncoding = 4; lastKnownFileType = sourcecode.cpp.cpp; name = StarLayer.cpp; path = GalagaSDL/GalagaSDL/StarLayer.cpp; sourceTree = "<group>"; };
		ED10193D2151E086000F6EDA /* BackgroundStars.h */ = {isa = PBXFileReference; lastKnownFileType = sourcecode.c.h; name = BackgroundStars.h; path = GalagaSDL/GalagaSDL/BackgroundStars.h; sourceTree = "<group>"; };
		ED10193E2151E127000F6EDA /* BackgroundStars.cpp */ = {isa = PBXFileReference; fileEncoding = 4; lastKnownFileType = sourcecode.cpp.cpp; name = BackgroundStars.cpp; path = GalagaSDL/GalagaSDL/BackgroundStars.cpp; sourceTree = "<group>"; };
		ED1019402151E761000F6EDA /* Scoreboard.h */ = {isa = PBXFileReference; lastKnownFileType = sourcecode.c.h; name = Scoreboard.h; path = GalagaSDL/GalagaSDL/Scoreboard.h; sourceTree = "<group>"; };
		ED1019412151E808000F6EDA /* Scoreboard.cpp */ = {isa = PBXFileReference; fileEncoding = 4; lastKnownFileType = sourcecode.cpp.cpp; name = Scoreboard.cpp; path = GalagaSDL/GalagaSDL/Scoreboard.cpp; sourceTree = "<group>"; };
		ED16201A2151F11900E21B76 /* ScreenManager.h */ = {isa = PBXFileReference; lastKnownFileType = sourcecode.c.h; name = ScreenManager.h; path = GalagaSDL/GalagaSDL/ScreenManager.h; sourceTree = "<group>"; };
		ED16201B2151F2F400E21B76 /* ScreenManager.cpp */ = {isa = PBXFileReference; fileEncoding = 4; lastKnownFileType = sourcecode.cpp.cpp; name = ScreenManager.cpp; path = GalagaSDL/GalagaSDL/ScreenManager.cpp; sourceTree = "<group>"; };
		ED16201D2152EFE300E21B76 /* PlayScreen.h */ = {isa = PBXFileReference; lastKnownFileType = sourcecode.c.h; name = PlayScreen.h; path = GalagaSDL/GalagaSDL/PlayScreen.h; sourceTree = "<group>"; };
		ED16201E2152F06C00E21B76 /* PlayScreen.cpp */ = {isa = PBXFileReference; fileEncoding = 4; lastKnownFileType = sourcecode.cpp.cpp; name = PlayScreen.cpp; path = GalagaSDL/GalagaSDL/PlayScreen.cpp; sourceTree = "<group>"; };
		ED1620202152F50E00E21B76 /* PlaySideBar.h */ = {isa = PBXFileReference; lastKnownFileType = sourcecode.c.h; name = PlaySideBar.h; path = GalagaSDL/GalagaSDL/PlaySideBar.h; sourceTree = "<group>"; };
		ED1620212152F5B200E21B76 /* PlaySideBar.cpp */ = {isa = PBXFileReference; fileEncoding = 4; lastKnownFileType = sourcecode.cpp.cpp; name = PlaySideBar.cpp; path = GalagaSDL/GalagaSDL/PlaySideBar.cpp; sourceTree = "<group>"; };
		ED1620232153380200E21B76 /* Level.h */ = {isa = PBXFileReference; lastKnownFileType = sourcecode.c.h; name = Level.h; path = GalagaSDL/GalagaSDL/Level.h; sourceTree = "<group>"; };
		ED1620242153393900E21B76 /* Level.cpp */ = {isa = PBXFileReference; fileEncoding = 4; lastKnownFileType = sourcecode.cpp.cpp; name = Level.cpp; path = GalagaSDL/GalagaSDL/Level.cpp; sourceTree = "<group>"; };
		ED16202621542EB500E21B76 /* Player.h */ = {isa = PBXFileReference; lastKnownFileType = sourcecode.c.h; name = Player.h; path = GalagaSDL/GalagaSDL/Player.h; sourceTree = "<group>"; };
		ED1620272154301400E21B76 /* Player.cpp */ = {isa = PBXFileReference; fileEncoding = 4; lastKnownFileType = sourcecode.cpp.cpp; name = Player.cpp; path = SDLTutorial/SDLTutorial/Player.cpp; sourceTree = "<group>"; };
		ED16202921548E9500E21B76 /* Bullet.h */ = {isa = PBXFileReference; lastKnownFileType = sourcecode.c.h; name = Bullet.h; path = GalagaSDL/GalagaSDL/Bullet.h; sourceTree = "<group>"; };
		ED16202A21548F5A00E21B76 /* Bullet.cpp */ = {isa = PBXFileReference; fileEncoding = 4; lastKnownFileType = sourcecode.cpp.cpp; name = Bullet.cpp; path = GalagaSDL/GalagaSDL/Bullet.cpp; sourceTree = "<group>"; };
		ED31EBB7215884EE003335D8 /* Wasp.h */ = {isa = PBXFileReference; lastKnownFileType = sourcecode.c.h; name = Wasp.h; path = GalagaSDL/GalagaSDL/Wasp.h; sourceTree = "<group>"; };
		ED31EBB82158862B003335D8 /* Wasp.cpp */ = {isa = PBXFileReference; fileEncoding = 4; lastKnownFileType = sourcecode.cpp.cpp; name = Wasp.cpp; path = GalagaSDL/GalagaSDL/Wasp.cpp; sourceTree = "<group>"; };
		ED31EBBA21588BF4003335D8 /* Boss.h */ = {isa = PBXFileReference; lastKnownFileType = sourcecode.c.h; name = Boss.h; path = GalagaSDL/GalagaSDL/Boss.h; sourceTree = "<group>"; };
		ED31EBBB21588C4D003335D8 /* Boss.cpp */ = {isa = PBXFileReference; fileEncoding = 4; lastKnownFileType = sourcecode.cpp.cpp; name = Boss.cpp; path = GalagaSDL/GalagaSDL/Boss.cpp; sourceTree = "<group>"; };
		ED44724B2155CE9F004BCD9B /* BezierPath.h */ = {isa = PBXFileReference; lastKnownFileType = sourcecode.c.h; name = BezierPath.h; path = GalagaSDL/GalagaSDL/BezierPath.h; sourceTree = "<group>"; };
		ED44724C2155CF6D004BCD9B /* BezierPath.cpp */ = {isa = PBXFileReference; fileEncoding = 4; lastKnownFileType = sourcecode.cpp.cpp; name = BezierPath.cpp; path = GalagaSDL/GalagaSDL/BezierPath.cpp; sourceTree = "<group>"; };
		ED44724E2155D1D1004BCD9B /* Enemy.h */ = {isa = PBXFileReference; lastKnownFileType = sourcecode.c.h; name = Enemy.h; path = GalagaSDL/GalagaSDL/Enemy.h; sourceTree = "<group>"; };
		ED44724F2155D33B004BCD9B /* Enemy.cpp */ = {isa = PBXFileReference; fileEncoding = 4; lastKnownFileType = sourcecode.cpp.cpp; name = Enemy.cpp; path = GalagaSDL/GalagaSDL/Enemy.cpp; sourceTree = "<group>"; };
		ED4472692156CA26004BCD9B /* Formation.h */ = {isa = PBXFileReference; lastKnownFileType = sourcecode.c.h; name = Formation.h; path = GalagaSDL/GalagaSDL/Formation.h; sourceTree = "<group>"; };
		ED44726A2156CB23004BCD9B /* Formation.cpp */ = {isa = PBXFileReference; fileEncoding = 4; lastKnownFileType = sourcecode.cpp.cpp; name = Formation.cpp; path = GalagaSDL/GalagaSDL/Formation.cpp; sourceTree = "<group>"; };
		ED44726C2156D4A7004BCD9B /* Butterfly.h */ = {isa = PBXFileReference; lastKnownFileType = sourcecode.c.h; name = Butterfly.h; path = GalagaSDL/GalagaSDL/Butterfly.h; sourceTree = "<group>"; };
		ED44726D2156D527004BCD9B /* Butterfly.cpp */ = {isa = PBXFileReference; fileEncoding = 4; lastKnownFileType = sourcecode.cpp.cpp; name = Butterfly.cpp; path = GalagaSDL/GalagaSDL/Butterfly.cpp; sourceTree = "<group>"; };
		ED9122A0214C4FD400C98DC6 /* GalagaSDL */ = {isa = PBXFileReference; explicitFileType = "compiled.mach-o.executable"; includeInIndex = 0; path = GalagaSDL; sourceTree = BUILT_PRODUCTS_DIR; };
		ED9122A3214C4FD400C98DC6 /* main.cpp */ = {isa = PBXFileReference; lastKnownFileType = sourcecode.cpp.cpp; name = main.cpp; path = /Users/hairpull/Documents/GalagaSDL/GalagaSDL/main.cpp; sourceTree = "<absolute>"; };
		ED9122AF214CE5F600C98DC6 /* Graphics.h */ = {isa = PBXFileReference; lastKnownFileType = sourcecode.c.h; name = Graphics.h; path = GalagaSDL/GalagaSDL/Graphics.h; sourceTree = "<group>"; };
		ED9122B1214CE72F00C98DC6 /* Graphics.cpp */ = {isa = PBXFileReference; fileEncoding = 4; lastKnownFileType = sourcecode.cpp.cpp; name = Graphics.cpp; path = GalagaSDL/GalagaSDL/Graphics.cpp; sourceTree = "<group>"; };
		ED9122B4214CEE7200C98DC6 /* GameManager.h */ = {isa = PBXFileReference; lastKnownFileType = sourcecode.c.h; name = GameManager.h; path = GalagaSDL/GalagaSDL/GameManager.h; sourceTree = "<group>"; };
		ED9122B5214CEF2200C98DC6 /* GameManager.cpp */ = {isa = PBXFileReference; fileEncoding = 4; lastKnownFileType = sourcecode.cpp.cpp; name = GameManager.cpp; path = GalagaSDL/GalagaSDL/GameManager.cpp; sourceTree = "<group>"; };
		ED9122C1214CFBFD00C98DC6 /* SDL2_image.framework */ = {isa = PBXFileReference; lastKnownFileType = wrapper.framework; name = SDL2_image.framework; path = ../../../../Library/Frameworks/SDL2_image.framework; sourceTree = "<group>"; };
		ED9122C2214CFBFD00C98DC6 /* SDL2_mixer.framework */ = {isa = PBXFileReference; lastKnownFileType = wrapper.framework; name = SDL2_mixer.framework; path = ../../../../Library/Frameworks/SDL2_mixer.framework; sourceTree = "<group>"; };
		ED9122C3214CFBFD00C98DC6 /* SDL2_ttf.framework */ = {isa = PBXFileReference; lastKnownFileType = wrapper.framework; name = SDL2_ttf.framework; path = ../../../../Library/Frameworks/SDL2_ttf.framework; sourceTree = "<group>"; };
		ED9122C4214CFBFD00C98DC6 /* SDL2.framework */ = {isa = PBXFileReference; lastKnownFileType = wrapper.framework; name = SDL2.framework; path = ../../../../Library/Frameworks/SDL2.framework; sourceTree = "<group>"; };
		ED9122C9214DCDB800C98DC6 /* Timer.h */ = {isa = PBXFileReference; lastKnownFileType = sourcecode.c.h; name = Timer.h; path = GalagaSDL/GalagaSDL/Timer.h; sourceTree = "<group>"; };
		ED9122CA214DCE6800C98DC6 /* Timer.cpp */ = {isa = PBXFileReference; fileEncoding = 4; lastKnownFileType = sourcecode.cpp.cpp; name = Timer.cpp; path = GalagaSDL/GalagaSDL/Timer.cpp; sourceTree = "<group>"; };
		ED9122CC214DD2EB00C98DC6 /* MathHelper.h */ = {isa = PBXFileReference; lastKnownFileType = sourcecode.c.h; name = MathHelper.h; path = GalagaSDL/GalagaSDL/MathHelper.h; sourceTree = "<group>"; };
		ED9122CE214DD5AE00C98DC6 /* GameEntity.h */ = {isa = PBXFileReference; lastKnownFileType = sourcecode.c.h; name = GameEntity.h; path = GalagaSDL/GalagaSDL/GameEntity.h; sourceTree = "<group>"; };
		ED9122D0214DD70E00C98DC6 /* GameEntity.cpp */ = {isa = PBXFileReference; fileEncoding = 4; lastKnownFileType = sourcecode.cpp.cpp; name = GameEntity.cpp; path = GalagaSDL/GalagaSDL/GameEntity.cpp; sourceTree = "<group>"; };
		ED9122D2214DE28400C98DC6 /* Texture.h */ = {isa = PBXFileReference; lastKnownFileType = sourcecode.c.h; name = Texture.h; path = GalagaSDL/GalagaSDL/Texture.h; sourceTree = "<group>"; };
		ED9122D3214DE30A00C98DC6 /* Texture.cpp */ = {isa = PBXFileReference; fileEncoding = 4; lastKnownFileType = sourcecode.cpp.cpp; name = Texture.cpp; path = GalagaSDL/GalagaSDL/Texture.cpp; sourceTree = "<group>"; };
		ED9122D5214EEFD600C98DC6 /* AssetManager.h */ = {isa = PBXFileReference; lastKnownFileType = sourcecode.c.h; name = AssetManager.h; path = GalagaSDL/GalagaSDL/AssetManager.h; sourceTree = "<group>"; };
		ED9122D6214EF08300C98DC6 /* AssetManager.cpp */ = {isa = PBXFileReference; fileEncoding = 4; lastKnownFileType = sourcecode.cpp.cpp; name = AssetManager.cpp; path = GalagaSDL/GalagaSDL/AssetManager.cpp; sourceTree = "<group>"; };
		ED9122D82150777600C98DC6 /* InputManager.h */ = {isa = PBXFileReference; lastKnownFileType = sourcecode.c.h; name = InputManager.h; path = GalagaSDL/GalagaSDL/InputManager.h; sourceTree = "<group>"; };
		ED9122D92150782C00C98DC6 /* InputManager.cpp */ = {isa = PBXFileReference; fileEncoding = 4; lastKnownFileType = sourcecode.cpp.cpp; name = InputManager.cpp; path = GalagaSDL/GalagaSDL/InputManager.cpp; sourceTree = "<group>"; };
		ED9122DB2150814700C98DC6 /* AnimatedTexture.h */ = {isa = PBXFileReference; lastKnownFileType = sourcecode.c.h; name = AnimatedTexture.h; path = GalagaSDL/GalagaSDL/AnimatedTexture.h; sourceTree = "<group>"; };
		ED9122DC215082E400C98DC6 /* AnimatedTexture.cpp */ = {isa = PBXFileReference; fileEncoding = 4; lastKnownFileType = sourcecode.cpp.cpp; name = AnimatedTexture.cpp; path = GalagaSDL/GalagaSDL/AnimatedTexture.cpp; sourceTree = "<group>"; };
		ED9122DE21509C4700C98DC6 /* AudioManager.h */ = {isa = PBXFileReference; lastKnownFileType = sourcecode.c.h; name = AudioManager.h; path = GalagaSDL/GalagaSDL/AudioManager.h; sourceTree = "<group>"; };
		ED9122DF21509D2200C98DC6 /* AudioManager.cpp */ = {isa = PBXFileReference; fileEncoding = 4; lastKnownFileType = sourcecode.cpp.cpp; name = AudioManager.cpp; path = GalagaSDL/GalagaSDL/AudioManager.cpp; sourceTree = "<group>"; };
/* End PBXFileReference section */

/* Begin PBXFrameworksBuildPhase section */
		ED91229D214C4FD400C98DC6 /* Frameworks */ = {
			isa = PBXFrameworksBuildPhase;
			buildActionMask = 2147483647;
			files = (
				ED9122C5214CFBFD00C98DC6 /* SDL2_image.framework in Frameworks */,
				ED9122C6214CFBFD00C98DC6 /* SDL2_mixer.framework in Frameworks */,
				ED9122C7214CFBFD00C98DC6 /* SDL2_ttf.framework in Frameworks */,
				ED9122C8214CFBFD00C98DC6 /* SDL2.framework in Frameworks */,
			);
			runOnlyForDeploymentPostprocessing = 0;
		};
/* End PBXFrameworksBuildPhase section */

/* Begin PBXGroup section */
		ED1019312151986C000F6EDA /* Galaga */ = {
			isa = PBXGroup;
			children = (
				ED10193321519899000F6EDA /* StartScreen.h */,
				ED1019362151D5DD000F6EDA /* Star.h */,
				ED10193A2151DE21000F6EDA /* StarLayer.h */,
				ED10193D2151E086000F6EDA /* BackgroundStars.h */,
				ED1019402151E761000F6EDA /* Scoreboard.h */,
				ED16201A2151F11900E21B76 /* ScreenManager.h */,
				ED16201D2152EFE300E21B76 /* PlayScreen.h */,
				ED1620202152F50E00E21B76 /* PlaySideBar.h */,
				ED1620232153380200E21B76 /* Level.h */,
				ED31EBB7215884EE003335D8 /* Wasp.h */,
				ED16202621542EB500E21B76 /* Player.h */,
				ED16202921548E9500E21B76 /* Bullet.h */,
				ED44724E2155D1D1004BCD9B /* Enemy.h */,
				ED4472692156CA26004BCD9B /* Formation.h */,
				ED44726C2156D4A7004BCD9B /* Butterfly.h */,
				ED31EBBA21588BF4003335D8 /* Boss.h */,
			);
			name = Galaga;
			sourceTree = "<group>";
		};
		ED10193221519872000F6EDA /* Galaga */ = {
			isa = PBXGroup;
			children = (
				ED1019342151A3C4000F6EDA /* StartScreen.cpp */,
				ED1019372151D6CA000F6EDA /* Star.cpp */,
				ED10193B2151DEAA000F6EDA /* StarLayer.cpp */,
				ED10193E2151E127000F6EDA /* BackgroundStars.cpp */,
				ED1019412151E808000F6EDA /* Scoreboard.cpp */,
				ED16201B2151F2F400E21B76 /* ScreenManager.cpp */,
				ED16201E2152F06C00E21B76 /* PlayScreen.cpp */,
				ED1620212152F5B200E21B76 /* PlaySideBar.cpp */,
				ED9122A3214C4FD400C98DC6 /* main.cpp */,
				ED1620242153393900E21B76 /* Level.cpp */,
				ED1620272154301400E21B76 /* Player.cpp */,
				ED16202A21548F5A00E21B76 /* Bullet.cpp */,
				ED44724F2155D33B004BCD9B /* Enemy.cpp */,
				ED44726A2156CB23004BCD9B /* Formation.cpp */,
				ED44726D2156D527004BCD9B /* Butterfly.cpp */,
				ED31EBB82158862B003335D8 /* Wasp.cpp */,
				ED31EBBB21588C4D003335D8 /* Boss.cpp */,
			);
			name = Galaga;
			sourceTree = "<group>";
		};
		ED912297214C4FD400C98DC6 = {
			isa = PBXGroup;
			children = (
				ED9122AE214CE5D000C98DC6 /* Header Files */,
				ED9122B0214CE70C00C98DC6 /* Source Files */,
				ED9122A1214C4FD400C98DC6 /* Products */,
				ED9122C0214CFBFD00C98DC6 /* Frameworks */,
			);
			sourceTree = "<group>";
		};
		ED9122A1214C4FD400C98DC6 /* Products */ = {
			isa = PBXGroup;
			children = (
				ED9122A0214C4FD400C98DC6 /* GalagaSDL */,
			);
			name = Products;
			sourceTree = "<group>";
		};
		ED9122AE214CE5D000C98DC6 /* Header Files */ = {
			isa = PBXGroup;
			children = (
				ED1019312151986C000F6EDA /* Galaga */,
				ED9122CD214DD59700C98DC6 /* Entities */,
				ED9122AF214CE5F600C98DC6 /* Graphics.h */,
				ED9122B4214CEE7200C98DC6 /* GameManager.h */,
				ED9122C9214DCDB800C98DC6 /* Timer.h */,
				ED9122CC214DD2EB00C98DC6 /* MathHelper.h */,
				ED9122D5214EEFD600C98DC6 /* AssetManager.h */,
				ED9122D82150777600C98DC6 /* InputManager.h */,
				ED9122DE21509C4700C98DC6 /* AudioManager.h */,
				ED44724B2155CE9F004BCD9B /* BezierPath.h */,
			);
			name = "Header Files";
			path = ..;
			sourceTree = "<group>";
		};
		ED9122B0214CE70C00C98DC6 /* Source Files */ = {
			isa = PBXGroup;
			children = (
				ED10193221519872000F6EDA /* Galaga */,
				ED9122CF214DD6F500C98DC6 /* Entites */,
				ED9122B1214CE72F00C98DC6 /* Graphics.cpp */,
				ED9122B5214CEF2200C98DC6 /* GameManager.cpp */,
				ED9122CA214DCE6800C98DC6 /* Timer.cpp */,
				ED9122D6214EF08300C98DC6 /* AssetManager.cpp */,
				ED9122D92150782C00C98DC6 /* InputManager.cpp */,
				ED9122DF21509D2200C98DC6 /* AudioManager.cpp */,
				ED44724C2155CF6D004BCD9B /* BezierPath.cpp */,
			);
			name = "Source Files";
			path = ..;
			sourceTree = "<group>";
		};
		ED9122C0214CFBFD00C98DC6 /* Frameworks */ = {
			isa = PBXGroup;
			children = (
				ED9122C1214CFBFD00C98DC6 /* SDL2_image.framework */,
				ED9122C2214CFBFD00C98DC6 /* SDL2_mixer.framework */,
				ED9122C3214CFBFD00C98DC6 /* SDL2_ttf.framework */,
				ED9122C4214CFBFD00C98DC6 /* SDL2.framework */,
			);
			name = Frameworks;
			sourceTree = "<group>";
		};
		ED9122CD214DD59700C98DC6 /* Entities */ = {
			isa = PBXGroup;
			children = (
				ED9122CE214DD5AE00C98DC6 /* GameEntity.h */,
				ED9122D2214DE28400C98DC6 /* Texture.h */,
				ED9122DB2150814700C98DC6 /* AnimatedTexture.h */,
			);
			name = Entities;
			sourceTree = "<group>";
		};
		ED9122CF214DD6F500C98DC6 /* Entites */ = {
			isa = PBXGroup;
			children = (
				ED9122D0214DD70E00C98DC6 /* GameEntity.cpp */,
				ED9122D3214DE30A00C98DC6 /* Texture.cpp */,
				ED9122DC215082E400C98DC6 /* AnimatedTexture.cpp */,
			);
			name = Entites;
			sourceTree = "<group>";
		};
/* End PBXGroup section */

/* Begin PBXNativeTarget section */
		ED91229F214C4FD400C98DC6 /* GalagaSDL */ = {
			isa = PBXNativeTarget;
			buildConfigurationList = ED9122A7214C4FD400C98DC6 /* Build configuration list for PBXNativeTarget "GalagaSDL" */;
			buildPhases = (
				ED91229C214C4FD400C98DC6 /* Sources */,
				ED91229D214C4FD400C98DC6 /* Frameworks */,
				ED91229E214C4FD400C98DC6 /* CopyFiles */,
			);
			buildRules = (
			);
			dependencies = (
			);
			name = GalagaSDL;
			productName = SDLTutorial;
			productReference = ED9122A0214C4FD400C98DC6 /* GalagaSDL */;
			productType = "com.apple.product-type.tool";
		};
/* End PBXNativeTarget section */

/* Begin PBXProject section */
		ED912298214C4FD400C98DC6 /* Project object */ = {
			isa = PBXProject;
			attributes = {
				LastUpgradeCheck = 0800;
				ORGANIZATIONNAME = "Dustin Beck";
				TargetAttributes = {
					ED91229F214C4FD400C98DC6 = {
						CreatedOnToolsVersion = 8.0;
						DevelopmentTeam = H47Z36Q7TF;
						ProvisioningStyle = Automatic;
					};
				};
			};
			buildConfigurationList = ED91229B214C4FD400C98DC6 /* Build configuration list for PBXProject "GalagaSDL" */;
			compatibilityVersion = "Xcode 3.1";
			developmentRegion = English;
			hasScannedForEncodings = 0;
			knownRegions = (
				en,
			);
			mainGroup = ED912297214C4FD400C98DC6;
			productRefGroup = ED9122A1214C4FD400C98DC6 /* Products */;
			projectDirPath = "";
			projectRoot = "";
			targets = (
				ED91229F214C4FD400C98DC6 /* GalagaSDL */,
			);
		};
/* End PBXProject section */

/* Begin PBXSourcesBuildPhase section */
		ED91229C214C4FD400C98DC6 /* Sources */ = {
			isa = PBXSourcesBuildPhase;
			buildActionMask = 2147483647;
			files = (
				ED31EBBC21588C4D003335D8 /* Boss.cpp in Sources */,
				ED1620222152F5B200E21B76 /* PlaySideBar.cpp in Sources */,
				ED9122D7214EF08300C98DC6 /* AssetManager.cpp in Sources */,
				ED9122B3214CE72F00C98DC6 /* Graphics.cpp in Sources */,
				ED9122DD215082E400C98DC6 /* AnimatedTexture.cpp in Sources */,
				ED1620282154301400E21B76 /* Player.cpp in Sources */,
				ED16201F2152F06C00E21B76 /* PlayScreen.cpp in Sources */,
				ED1019382151D6CA000F6EDA /* Star.cpp in Sources */,
				ED9122B6214CEF2200C98DC6 /* GameManager.cpp in Sources */,
				ED1019422151E808000F6EDA /* Scoreboard.cpp in Sources */,
				ED9122D1214DD70E00C98DC6 /* GameEntity.cpp in Sources */,
				ED10193C2151DEAA000F6EDA /* StarLayer.cpp in Sources */,
				ED10193F2151E127000F6EDA /* BackgroundStars.cpp in Sources */,
				ED44726E2156D527004BCD9B /* Butterfly.cpp in Sources */,
				ED9122DA2150782C00C98DC6 /* InputManager.cpp in Sources */,
				ED44726B2156CB23004BCD9B /* Formation.cpp in Sources */,
				ED1620252153393900E21B76 /* Level.cpp in Sources */,
				ED9122E021509D2200C98DC6 /* AudioManager.cpp in Sources */,
				ED9122D4214DE30A00C98DC6 /* Texture.cpp in Sources */,
				ED4472502155D33B004BCD9B /* Enemy.cpp in Sources */,
				ED16202B21548F5A00E21B76 /* Bullet.cpp in Sources */,
				ED9122A4214C4FD400C98DC6 /* main.cpp in Sources */,
				ED16201C2151F2F400E21B76 /* ScreenManager.cpp in Sources */,
				ED31EBB92158862B003335D8 /* Wasp.cpp in Sources */,
				ED1019352151A3C4000F6EDA /* StartScreen.cpp in Sources */,
				ED9122CB214DCE6800C98DC6 /* Timer.cpp in Sources */,
				ED44724D2155CF6D004BCD9B /* BezierPath.cpp in Sources */,
			);
			runOnlyForDeploymentPostprocessing = 0;
		};
/* End PBXSourcesBuildPhase section */

/* Begin XCBuildConfiguration section */
		ED9122A5214C4FD400C98DC6 /* Debug */ = {
			isa = XCBuildConfiguration;
			buildSettings = {
				ALWAYS_SEARCH_USER_PATHS = NO;
				CLANG_ANALYZER_NONNULL = YES;
				CLANG_CXX_LANGUAGE_STANDARD = "gnu++0x";
				CLANG_CXX_LIBRARY = "libc++";
				CLANG_ENABLE_MODULES = YES;
				CLANG_ENABLE_OBJC_ARC = YES;
				CLANG_WARN_BOOL_CONVERSION = YES;
				CLANG_WARN_CONSTANT_CONVERSION = YES;
				CLANG_WARN_DIRECT_OBJC_ISA_USAGE = YES_ERROR;
				CLANG_WARN_DOCUMENTATION_COMMENTS = YES;
				CLANG_WARN_EMPTY_BODY = YES;
				CLANG_WARN_ENUM_CONVERSION = YES;
				CLANG_WARN_INFINITE_RECURSION = YES;
				CLANG_WARN_INT_CONVERSION = YES;
				CLANG_WARN_OBJC_ROOT_CLASS = YES_ERROR;
				CLANG_WARN_SUSPICIOUS_MOVES = YES;
				CLANG_WARN_UNREACHABLE_CODE = YES;
				CLANG_WARN__DUPLICATE_METHOD_MATCH = YES;
				CODE_SIGN_IDENTITY = "-";
				COPY_PHASE_STRIP = NO;
				DEBUG_INFORMATION_FORMAT = dwarf;
				ENABLE_STRICT_OBJC_MSGSEND = YES;
				ENABLE_TESTABILITY = YES;
				GCC_C_LANGUAGE_STANDARD = gnu99;
				GCC_DYNAMIC_NO_PIC = NO;
				GCC_NO_COMMON_BLOCKS = YES;
				GCC_OPTIMIZATION_LEVEL = 0;
				GCC_PREPROCESSOR_DEFINITIONS = (
					"DEBUG=1",
					"$(inherited)",
				);
				GCC_WARN_64_TO_32_BIT_CONVERSION = YES;
				GCC_WARN_ABOUT_RETURN_TYPE = YES_ERROR;
				GCC_WARN_UNDECLARED_SELECTOR = YES;
				GCC_WARN_UNINITIALIZED_AUTOS = YES_AGGRESSIVE;
				GCC_WARN_UNUSED_FUNCTION = YES;
				GCC_WARN_UNUSED_VARIABLE = YES;
				MACOSX_DEPLOYMENT_TARGET = 10.11;
				MTL_ENABLE_DEBUG_INFO = YES;
				ONLY_ACTIVE_ARCH = YES;
				SDKROOT = macosx;
			};
			name = Debug;
		};
		ED9122A6214C4FD400C98DC6 /* Release */ = {
			isa = XCBuildConfiguration;
			buildSettings = {
				ALWAYS_SEARCH_USER_PATHS = NO;
				CLANG_ANALYZER_NONNULL = YES;
				CLANG_CXX_LANGUAGE_STANDARD = "gnu++0x";
				CLANG_CXX_LIBRARY = "libc++";
				CLANG_ENABLE_MODULES = YES;
				CLANG_ENABLE_OBJC_ARC = YES;
				CLANG_WARN_BOOL_CONVERSION = YES;
				CLANG_WARN_CONSTANT_CONVERSION = YES;
				CLANG_WARN_DIRECT_OBJC_ISA_USAGE = YES_ERROR;
				CLANG_WARN_DOCUMENTATION_COMMENTS = YES;
				CLANG_WARN_EMPTY_BODY = YES;
				CLANG_WARN_ENUM_CONVERSION = YES;
				CLANG_WARN_INFINITE_RECURSION = YES;
				CLANG_WARN_INT_CONVERSION = YES;
				CLANG_WARN_OBJC_ROOT_CLASS = YES_ERROR;
				CLANG_WARN_SUSPICIOUS_MOVES = YES;
				CLANG_WARN_UNREACHABLE_CODE = YES;
				CLANG_WARN__DUPLICATE_METHOD_MATCH = YES;
				CODE_SIGN_IDENTITY = "-";
				COPY_PHASE_STRIP = NO;
				DEBUG_INFORMATION_FORMAT = "dwarf-with-dsym";
				ENABLE_NS_ASSERTIONS = NO;
				ENABLE_STRICT_OBJC_MSGSEND = YES;
				GCC_C_LANGUAGE_STANDARD = gnu99;
				GCC_NO_COMMON_BLOCKS = YES;
				GCC_WARN_64_TO_32_BIT_CONVERSION = YES;
				GCC_WARN_ABOUT_RETURN_TYPE = YES_ERROR;
				GCC_WARN_UNDECLARED_SELECTOR = YES;
				GCC_WARN_UNINITIALIZED_AUTOS = YES_AGGRESSIVE;
				GCC_WARN_UNUSED_FUNCTION = YES;
				GCC_WARN_UNUSED_VARIABLE = YES;
				MACOSX_DEPLOYMENT_TARGET = 10.11;
				MTL_ENABLE_DEBUG_INFO = NO;
				SDKROOT = macosx;
			};
			name = Release;
		};
		ED9122A8214C4FD400C98DC6 /* Debug */ = {
			isa = XCBuildConfiguration;
			buildSettings = {
				ALWAYS_SEARCH_USER_PATHS = NO;
				DEVELOPMENT_TEAM = H47Z36Q7TF;
				FRAMEWORK_SEARCH_PATHS = (
					"$(USER_LIBRARY_DIR)/Frameworks",
					"$(LOCAL_LIBRARY_DIR)/Frameworks",
				);
				HEADER_SEARCH_PATHS = (
					"$(USER_LIBRARY_DIR)/Frameworks",
					"$(LOCAL_LIBRARY_DIR)/Frameworks",
				);
				PRODUCT_NAME = "$(TARGET_NAME)";
			};
			name = Debug;
		};
		ED9122A9214C4FD400C98DC6 /* Release */ = {
			isa = XCBuildConfiguration;
			buildSettings = {
				ALWAYS_SEARCH_USER_PATHS = NO;
				DEVELOPMENT_TEAM = H47Z36Q7TF;
				FRAMEWORK_SEARCH_PATHS = (
					"$(USER_LIBRARY_DIR)/Frameworks",
					"$(LOCAL_LIBRARY_DIR)/Frameworks",
				);
				HEADER_SEARCH_PATHS = (
					"$(USER_LIBRARY_DIR)/Frameworks",
					"$(LOCAL_LIBRARY_DIR)/Frameworks",
				);
				PRODUCT_NAME = "$(TARGET_NAME)";
			};
			name = Release;
		};
/* End XCBuildConfiguration section */

/* Begin XCConfigurationList section */
		ED91229B214C4FD400C98DC6 /* Build configuration list for PBXProject "GalagaSDL" */ = {
			isa = XCConfigurationList;
			buildConfigurations = (
				ED9122A5214C4FD400C98DC6 /* Debug */,
				ED9122A6214C4FD400C98DC6 /* Release */,
			);
			defaultConfigurationIsVisible = 0;
			defaultConfigurationName = Release;
		};
		ED9122A7214C4FD400C98DC6 /* Build configuration list for PBXNativeTarget "GalagaSDL" */ = {
			isa = XCConfigurationList;
			buildConfigurations = (
				ED9122A8214C4FD400C98DC6 /* Debug */,
				ED9122A9214C4FD400C98DC6 /* Release */,
			);
			defaultConfigurationIsVisible = 0;
			defaultConfigurationName = Release;
		};
/* End XCConfigurationList section */
	};
	rootObject = ED912298214C4FD400C98DC6 /* Project object */;
}
