// !$*UTF8*$!
{
	archiveVersion = 1;
	classes = {
	};
	objectVersion = 46;
	objects = {

/* Begin PBXBuildFile section */
		ED9122A4214C4FD400C98DC6 /* main.cpp in Sources */ = {isa = PBXBuildFile; fileRef = ED9122A3214C4FD400C98DC6 /* main.cpp */; };
		ED9122B3214CE72F00C98DC6 /* Graphics.cpp in Sources */ = {isa = PBXBuildFile; fileRef = ED9122B1214CE72F00C98DC6 /* Graphics.cpp */; };
		ED9122B6214CEF2200C98DC6 /* GameManager.cpp in Sources */ = {isa = PBXBuildFile; fileRef = ED9122B5214CEF2200C98DC6 /* GameManager.cpp */; };
		ED9122C5214CFBFD00C98DC6 /* SDL2_image.framework in Frameworks */ = {isa = PBXBuildFile; fileRef = ED9122C1214CFBFD00C98DC6 /* SDL2_image.framework */; };
		ED9122C6214CFBFD00C98DC6 /* SDL2_mixer.framework in Frameworks */ = {isa = PBXBuildFile; fileRef = ED9122C2214CFBFD00C98DC6 /* SDL2_mixer.framework */; };
		ED9122C7214CFBFD00C98DC6 /* SDL2_ttf.framework in Frameworks */ = {isa = PBXBuildFile; fileRef = ED9122C3214CFBFD00C98DC6 /* SDL2_ttf.framework */; };
		ED9122C8214CFBFD00C98DC6 /* SDL2.framework in Frameworks */ = {isa = PBXBuildFile; fileRef = ED9122C4214CFBFD00C98DC6 /* SDL2.framework */; };
		ED9122CB214DCE6800C98DC6 /* Timer.cpp in Sources */ = {isa = PBXBuildFile; fileRef = ED9122CA214DCE6800C98DC6 /* Timer.cpp */; };
		ED9122D1214DD70E00C98DC6 /* GameEntity.cpp in Sources */ = {isa = PBXBuildFile; fileRef = ED9122D0214DD70E00C98DC6 /* GameEntity.cpp */; };
		ED9122D4214DE30A00C98DC6 /* Texture.cpp in Sources */ = {isa = PBXBuildFile; fileRef = ED9122D3214DE30A00C98DC6 /* Texture.cpp */; };
		ED9122D7214EF08300C98DC6 /* AssetManager.cpp in Sources */ = {isa = PBXBuildFile; fileRef = ED9122D6214EF08300C98DC6 /* AssetManager.cpp */; };
		ED9122DA2150782C00C98DC6 /* InputManager.cpp in Sources */ = {isa = PBXBuildFile; fileRef = ED9122D92150782C00C98DC6 /* InputManager.cpp */; };
		ED9122DD215082E400C98DC6 /* AnimatedTexture.cpp in Sources */ = {isa = PBXBuildFile; fileRef = ED9122DC215082E400C98DC6 /* AnimatedTexture.cpp */; };
		ED9122E021509D2200C98DC6 /* AudioManager.cpp in Sources */ = {isa = PBXBuildFile; fileRef = ED9122DF21509D2200C98DC6 /* AudioManager.cpp */; };
/* End PBXBuildFile section */

/* Begin PBXCopyFilesBuildPhase section */
		ED91229E214C4FD400C98DC6 /* CopyFiles */ = {
			isa = PBXCopyFilesBuildPhase;
			buildActionMask = 2147483647;
			dstPath = /usr/share/man/man1/;
			dstSubfolderSpec = 0;
			files = (
			);
			runOnlyForDeploymentPostprocessing = 1;
		};
/* End PBXCopyFilesBuildPhase section */

/* Begin PBXFileReference section */
		ED9122A0214C4FD400C98DC6 /* GalagaSDL */ = {isa = PBXFileReference; explicitFileType = "compiled.mach-o.executable"; includeInIndex = 0; path = GalagaSDL; sourceTree = BUILT_PRODUCTS_DIR; };
		ED9122A3214C4FD400C98DC6 /* main.cpp */ = {isa = PBXFileReference; lastKnownFileType = sourcecode.cpp.cpp; path = main.cpp; sourceTree = "<group>"; };
		ED9122AF214CE5F600C98DC6 /* Graphics.h */ = {isa = PBXFileReference; lastKnownFileType = sourcecode.c.h; name = Graphics.h; path = SDLTutorial/SDLTutorial/Graphics.h; sourceTree = "<group>"; };
		ED9122B1214CE72F00C98DC6 /* Graphics.cpp */ = {isa = PBXFileReference; fileEncoding = 4; lastKnownFileType = sourcecode.cpp.cpp; name = Graphics.cpp; path = SDLTutorial/SDLTutorial/Graphics.cpp; sourceTree = "<group>"; };
		ED9122B4214CEE7200C98DC6 /* GameManager.h */ = {isa = PBXFileReference; lastKnownFileType = sourcecode.c.h; name = GameManager.h; path = SDLTutorial/SDLTutorial/GameManager.h; sourceTree = "<group>"; };
		ED9122B5214CEF2200C98DC6 /* GameManager.cpp */ = {isa = PBXFileReference; fileEncoding = 4; lastKnownFileType = sourcecode.cpp.cpp; name = GameManager.cpp; path = SDLTutorial/SDLTutorial/GameManager.cpp; sourceTree = "<group>"; };
		ED9122C1214CFBFD00C98DC6 /* SDL2_image.framework */ = {isa = PBXFileReference; lastKnownFileType = wrapper.framework; name = SDL2_image.framework; path = ../../../../Library/Frameworks/SDL2_image.framework; sourceTree = "<group>"; };
		ED9122C2214CFBFD00C98DC6 /* SDL2_mixer.framework */ = {isa = PBXFileReference; lastKnownFileType = wrapper.framework; name = SDL2_mixer.framework; path = ../../../../Library/Frameworks/SDL2_mixer.framework; sourceTree = "<group>"; };
		ED9122C3214CFBFD00C98DC6 /* SDL2_ttf.framework */ = {isa = PBXFileReference; lastKnownFileType = wrapper.framework; name = SDL2_ttf.framework; path = ../../../../Library/Frameworks/SDL2_ttf.framework; sourceTree = "<group>"; };
		ED9122C4214CFBFD00C98DC6 /* SDL2.framework */ = {isa = PBXFileReference; lastKnownFileType = wrapper.framework; name = SDL2.framework; path = ../../../../Library/Frameworks/SDL2.framework; sourceTree = "<group>"; };
		ED9122C9214DCDB800C98DC6 /* Timer.h */ = {isa = PBXFileReference; lastKnownFileType = sourcecode.c.h; name = Timer.h; path = SDLTutorial/SDLTutorial/Timer.h; sourceTree = "<group>"; };
		ED9122CA214DCE6800C98DC6 /* Timer.cpp */ = {isa = PBXFileReference; fileEncoding = 4; lastKnownFileType = sourcecode.cpp.cpp; name = Timer.cpp; path = SDLTutorial/SDLTutorial/Timer.cpp; sourceTree = "<group>"; };
		ED9122CC214DD2EB00C98DC6 /* MathHelper.h */ = {isa = PBXFileReference; lastKnownFileType = sourcecode.c.h; name = MathHelper.h; path = SDLTutorial/SDLTutorial/MathHelper.h; sourceTree = "<group>"; };
		ED9122CE214DD5AE00C98DC6 /* GameEntity.h */ = {isa = PBXFileReference; lastKnownFileType = sourcecode.c.h; name = GameEntity.h; path = SDLTutorial/SDLTutorial/GameEntity.h; sourceTree = "<group>"; };
		ED9122D0214DD70E00C98DC6 /* GameEntity.cpp */ = {isa = PBXFileReference; fileEncoding = 4; lastKnownFileType = sourcecode.cpp.cpp; name = GameEntity.cpp; path = SDLTutorial/SDLTutorial/GameEntity.cpp; sourceTree = "<group>"; };
		ED9122D2214DE28400C98DC6 /* Texture.h */ = {isa = PBXFileReference; lastKnownFileType = sourcecode.c.h; name = Texture.h; path = SDLTutorial/SDLTutorial/Texture.h; sourceTree = "<group>"; };
		ED9122D3214DE30A00C98DC6 /* Texture.cpp */ = {isa = PBXFileReference; fileEncoding = 4; lastKnownFileType = sourcecode.cpp.cpp; name = Texture.cpp; path = SDLTutorial/SDLTutorial/Texture.cpp; sourceTree = "<group>"; };
		ED9122D5214EEFD600C98DC6 /* AssetManager.h */ = {isa = PBXFileReference; lastKnownFileType = sourcecode.c.h; name = AssetManager.h; path = SDLTutorial/SDLTutorial/AssetManager.h; sourceTree = "<group>"; };
		ED9122D6214EF08300C98DC6 /* AssetManager.cpp */ = {isa = PBXFileReference; fileEncoding = 4; lastKnownFileType = sourcecode.cpp.cpp; name = AssetManager.cpp; path = SDLTutorial/SDLTutorial/AssetManager.cpp; sourceTree = "<group>"; };
		ED9122D82150777600C98DC6 /* InputManager.h */ = {isa = PBXFileReference; lastKnownFileType = sourcecode.c.h; name = InputManager.h; path = SDLTutorial/SDLTutorial/InputManager.h; sourceTree = "<group>"; };
		ED9122D92150782C00C98DC6 /* InputManager.cpp */ = {isa = PBXFileReference; fileEncoding = 4; lastKnownFileType = sourcecode.cpp.cpp; name = InputManager.cpp; path = SDLTutorial/SDLTutorial/InputManager.cpp; sourceTree = "<group>"; };
		ED9122DB2150814700C98DC6 /* AnimatedTexture.h */ = {isa = PBXFileReference; lastKnownFileType = sourcecode.c.h; name = AnimatedTexture.h; path = SDLTutorial/SDLTutorial/AnimatedTexture.h; sourceTree = "<group>"; };
		ED9122DC215082E400C98DC6 /* AnimatedTexture.cpp */ = {isa = PBXFileReference; fileEncoding = 4; lastKnownFileType = sourcecode.cpp.cpp; name = AnimatedTexture.cpp; path = SDLTutorial/SDLTutorial/AnimatedTexture.cpp; sourceTree = "<group>"; };
		ED9122DE21509C4700C98DC6 /* AudioManager.h */ = {isa = PBXFileReference; lastKnownFileType = sourcecode.c.h; name = AudioManager.h; path = SDLTutorial/SDLTutorial/AudioManager.h; sourceTree = "<group>"; };
		ED9122DF21509D2200C98DC6 /* AudioManager.cpp */ = {isa = PBXFileReference; fileEncoding = 4; lastKnownFileType = sourcecode.cpp.cpp; name = AudioManager.cpp; path = SDLTutorial/SDLTutorial/AudioManager.cpp; sourceTree = "<group>"; };
/* End PBXFileReference section */

/* Begin PBXFrameworksBuildPhase section */
		ED91229D214C4FD400C98DC6 /* Frameworks */ = {
			isa = PBXFrameworksBuildPhase;
			buildActionMask = 2147483647;
			files = (
				ED9122C5214CFBFD00C98DC6 /* SDL2_image.framework in Frameworks */,
				ED9122C6214CFBFD00C98DC6 /* SDL2_mixer.framework in Frameworks */,
				ED9122C7214CFBFD00C98DC6 /* SDL2_ttf.framework in Frameworks */,
				ED9122C8214CFBFD00C98DC6 /* SDL2.framework in Frameworks */,
			);
			runOnlyForDeploymentPostprocessing = 0;
		};
/* End PBXFrameworksBuildPhase section */

/* Begin PBXGroup section */
		ED912297214C4FD400C98DC6 = {
			isa = PBXGroup;
			children = (
				ED9122AE214CE5D000C98DC6 /* Header Files */,
				ED9122B0214CE70C00C98DC6 /* Source Files */,
				ED9122A2214C4FD400C98DC6 /* SDLTutorial */,
				ED9122A1214C4FD400C98DC6 /* Products */,
				ED9122C0214CFBFD00C98DC6 /* Frameworks */,
			);
			sourceTree = "<group>";
		};
		ED9122A1214C4FD400C98DC6 /* Products */ = {
			isa = PBXGroup;
			children = (
				ED9122A0214C4FD400C98DC6 /* GalagaSDL */,
			);
			name = Products;
			sourceTree = "<group>";
		};
		ED9122A2214C4FD400C98DC6 /* SDLTutorial */ = {
			isa = PBXGroup;
			children = (
				ED9122A3214C4FD400C98DC6 /* main.cpp */,
			);
			path = SDLTutorial;
			sourceTree = "<group>";
		};
		ED9122AE214CE5D000C98DC6 /* Header Files */ = {
			isa = PBXGroup;
			children = (
				ED9122CD214DD59700C98DC6 /* Entities */,
				ED9122AF214CE5F600C98DC6 /* Graphics.h */,
				ED9122B4214CEE7200C98DC6 /* GameManager.h */,
				ED9122C9214DCDB800C98DC6 /* Timer.h */,
				ED9122CC214DD2EB00C98DC6 /* MathHelper.h */,
				ED9122D5214EEFD600C98DC6 /* AssetManager.h */,
				ED9122D82150777600C98DC6 /* InputManager.h */,
				ED9122DE21509C4700C98DC6 /* AudioManager.h */,
			);
			name = "Header Files";
			path = ..;
			sourceTree = "<group>";
		};
		ED9122B0214CE70C00C98DC6 /* Source Files */ = {
			isa = PBXGroup;
			children = (
				ED9122CF214DD6F500C98DC6 /* Entites */,
				ED9122B1214CE72F00C98DC6 /* Graphics.cpp */,
				ED9122B5214CEF2200C98DC6 /* GameManager.cpp */,
				ED9122CA214DCE6800C98DC6 /* Timer.cpp */,
				ED9122D6214EF08300C98DC6 /* AssetManager.cpp */,
				ED9122D92150782C00C98DC6 /* InputManager.cpp */,
				ED9122DF21509D2200C98DC6 /* AudioManager.cpp */,
			);
			name = "Source Files";
			path = ..;
			sourceTree = "<group>";
		};
		ED9122C0214CFBFD00C98DC6 /* Frameworks */ = {
			isa = PBXGroup;
			children = (
				ED9122C1214CFBFD00C98DC6 /* SDL2_image.framework */,
				ED9122C2214CFBFD00C98DC6 /* SDL2_mixer.framework */,
				ED9122C3214CFBFD00C98DC6 /* SDL2_ttf.framework */,
				ED9122C4214CFBFD00C98DC6 /* SDL2.framework */,
			);
			name = Frameworks;
			sourceTree = "<group>";
		};
		ED9122CD214DD59700C98DC6 /* Entities */ = {
			isa = PBXGroup;
			children = (
				ED9122CE214DD5AE00C98DC6 /* GameEntity.h */,
				ED9122D2214DE28400C98DC6 /* Texture.h */,
				ED9122DB2150814700C98DC6 /* AnimatedTexture.h */,
			);
			name = Entities;
			sourceTree = "<group>";
		};
		ED9122CF214DD6F500C98DC6 /* Entites */ = {
			isa = PBXGroup;
			children = (
				ED9122D0214DD70E00C98DC6 /* GameEntity.cpp */,
				ED9122D3214DE30A00C98DC6 /* Texture.cpp */,
				ED9122DC215082E400C98DC6 /* AnimatedTexture.cpp */,
			);
			name = Entites;
			sourceTree = "<group>";
		};
/* End PBXGroup section */

/* Begin PBXNativeTarget section */
		ED91229F214C4FD400C98DC6 /* GalagaSDL */ = {
			isa = PBXNativeTarget;
			buildConfigurationList = ED9122A7214C4FD400C98DC6 /* Build configuration list for PBXNativeTarget "GalagaSDL" */;
			buildPhases = (
				ED91229C214C4FD400C98DC6 /* Sources */,
				ED91229D214C4FD400C98DC6 /* Frameworks */,
				ED91229E214C4FD400C98DC6 /* CopyFiles */,
			);
			buildRules = (
			);
			dependencies = (
			);
			name = GalagaSDL;
			productName = SDLTutorial;
			productReference = ED9122A0214C4FD400C98DC6 /* GalagaSDL */;
			productType = "com.apple.product-type.tool";
		};
/* End PBXNativeTarget section */

/* Begin PBXProject section */
		ED912298214C4FD400C98DC6 /* Project object */ = {
			isa = PBXProject;
			attributes = {
				LastUpgradeCheck = 0800;
				ORGANIZATIONNAME = "Dustin Beck";
				TargetAttributes = {
					ED91229F214C4FD400C98DC6 = {
						CreatedOnToolsVersion = 8.0;
						DevelopmentTeam = H47Z36Q7TF;
						ProvisioningStyle = Automatic;
					};
				};
			};
			buildConfigurationList = ED91229B214C4FD400C98DC6 /* Build configuration list for PBXProject "GalagaSDL" */;
			compatibilityVersion = "Xcode 3.2";
			developmentRegion = English;
			hasScannedForEncodings = 0;
			knownRegions = (
				en,
			);
			mainGroup = ED912297214C4FD400C98DC6;
			productRefGroup = ED9122A1214C4FD400C98DC6 /* Products */;
			projectDirPath = "";
			projectRoot = "";
			targets = (
				ED91229F214C4FD400C98DC6 /* GalagaSDL */,
			);
		};
/* End PBXProject section */

/* Begin PBXSourcesBuildPhase section */
		ED91229C214C4FD400C98DC6 /* Sources */ = {
			isa = PBXSourcesBuildPhase;
			buildActionMask = 2147483647;
			files = (
				ED9122D7214EF08300C98DC6 /* AssetManager.cpp in Sources */,
				ED9122B3214CE72F00C98DC6 /* Graphics.cpp in Sources */,
				ED9122DD215082E400C98DC6 /* AnimatedTexture.cpp in Sources */,
				ED9122B6214CEF2200C98DC6 /* GameManager.cpp in Sources */,
				ED9122D1214DD70E00C98DC6 /* GameEntity.cpp in Sources */,
				ED9122DA2150782C00C98DC6 /* InputManager.cpp in Sources */,
				ED9122E021509D2200C98DC6 /* AudioManager.cpp in Sources */,
				ED9122D4214DE30A00C98DC6 /* Texture.cpp in Sources */,
				ED9122A4214C4FD400C98DC6 /* main.cpp in Sources */,
				ED9122CB214DCE6800C98DC6 /* Timer.cpp in Sources */,
			);
			runOnlyForDeploymentPostprocessing = 0;
		};
/* End PBXSourcesBuildPhase section */

/* Begin XCBuildConfiguration section */
		ED9122A5214C4FD400C98DC6 /* Debug */ = {
			isa = XCBuildConfiguration;
			buildSettings = {
				ALWAYS_SEARCH_USER_PATHS = NO;
				CLANG_ANALYZER_NONNULL = YES;
				CLANG_CXX_LANGUAGE_STANDARD = "gnu++0x";
				CLANG_CXX_LIBRARY = "libc++";
				CLANG_ENABLE_MODULES = YES;
				CLANG_ENABLE_OBJC_ARC = YES;
				CLANG_WARN_BOOL_CONVERSION = YES;
				CLANG_WARN_CONSTANT_CONVERSION = YES;
				CLANG_WARN_DIRECT_OBJC_ISA_USAGE = YES_ERROR;
				CLANG_WARN_DOCUMENTATION_COMMENTS = YES;
				CLANG_WARN_EMPTY_BODY = YES;
				CLANG_WARN_ENUM_CONVERSION = YES;
				CLANG_WARN_INFINITE_RECURSION = YES;
				CLANG_WARN_INT_CONVERSION = YES;
				CLANG_WARN_OBJC_ROOT_CLASS = YES_ERROR;
				CLANG_WARN_SUSPICIOUS_MOVES = YES;
				CLANG_WARN_UNREACHABLE_CODE = YES;
				CLANG_WARN__DUPLICATE_METHOD_MATCH = YES;
				CODE_SIGN_IDENTITY = "-";
				COPY_PHASE_STRIP = NO;
				DEBUG_INFORMATION_FORMAT = dwarf;
				ENABLE_STRICT_OBJC_MSGSEND = YES;
				ENABLE_TESTABILITY = YES;
				GCC_C_LANGUAGE_STANDARD = gnu99;
				GCC_DYNAMIC_NO_PIC = NO;
				GCC_NO_COMMON_BLOCKS = YES;
				GCC_OPTIMIZATION_LEVEL = 0;
				GCC_PREPROCESSOR_DEFINITIONS = (
					"DEBUG=1",
					"$(inherited)",
				);
				GCC_WARN_64_TO_32_BIT_CONVERSION = YES;
				GCC_WARN_ABOUT_RETURN_TYPE = YES_ERROR;
				GCC_WARN_UNDECLARED_SELECTOR = YES;
				GCC_WARN_UNINITIALIZED_AUTOS = YES_AGGRESSIVE;
				GCC_WARN_UNUSED_FUNCTION = YES;
				GCC_WARN_UNUSED_VARIABLE = YES;
				MACOSX_DEPLOYMENT_TARGET = 10.11;
				MTL_ENABLE_DEBUG_INFO = YES;
				ONLY_ACTIVE_ARCH = YES;
				SDKROOT = macosx;
			};
			name = Debug;
		};
		ED9122A6214C4FD400C98DC6 /* Release */ = {
			isa = XCBuildConfiguration;
			buildSettings = {
				ALWAYS_SEARCH_USER_PATHS = NO;
				CLANG_ANALYZER_NONNULL = YES;
				CLANG_CXX_LANGUAGE_STANDARD = "gnu++0x";
				CLANG_CXX_LIBRARY = "libc++";
				CLANG_ENABLE_MODULES = YES;
				CLANG_ENABLE_OBJC_ARC = YES;
				CLANG_WARN_BOOL_CONVERSION = YES;
				CLANG_WARN_CONSTANT_CONVERSION = YES;
				CLANG_WARN_DIRECT_OBJC_ISA_USAGE = YES_ERROR;
				CLANG_WARN_DOCUMENTATION_COMMENTS = YES;
				CLANG_WARN_EMPTY_BODY = YES;
				CLANG_WARN_ENUM_CONVERSION = YES;
				CLANG_WARN_INFINITE_RECURSION = YES;
				CLANG_WARN_INT_CONVERSION = YES;
				CLANG_WARN_OBJC_ROOT_CLASS = YES_ERROR;
				CLANG_WARN_SUSPICIOUS_MOVES = YES;
				CLANG_WARN_UNREACHABLE_CODE = YES;
				CLANG_WARN__DUPLICATE_METHOD_MATCH = YES;
				CODE_SIGN_IDENTITY = "-";
				COPY_PHASE_STRIP = NO;
				DEBUG_INFORMATION_FORMAT = "dwarf-with-dsym";
				ENABLE_NS_ASSERTIONS = NO;
				ENABLE_STRICT_OBJC_MSGSEND = YES;
				GCC_C_LANGUAGE_STANDARD = gnu99;
				GCC_NO_COMMON_BLOCKS = YES;
				GCC_WARN_64_TO_32_BIT_CONVERSION = YES;
				GCC_WARN_ABOUT_RETURN_TYPE = YES_ERROR;
				GCC_WARN_UNDECLARED_SELECTOR = YES;
				GCC_WARN_UNINITIALIZED_AUTOS = YES_AGGRESSIVE;
				GCC_WARN_UNUSED_FUNCTION = YES;
				GCC_WARN_UNUSED_VARIABLE = YES;
				MACOSX_DEPLOYMENT_TARGET = 10.11;
				MTL_ENABLE_DEBUG_INFO = NO;
				SDKROOT = macosx;
			};
			name = Release;
		};
		ED9122A8214C4FD400C98DC6 /* Debug */ = {
			isa = XCBuildConfiguration;
			buildSettings = {
				ALWAYS_SEARCH_USER_PATHS = NO;
				DEVELOPMENT_TEAM = H47Z36Q7TF;
				FRAMEWORK_SEARCH_PATHS = (
					"$(USER_LIBRARY_DIR)/Frameworks",
					"$(LOCAL_LIBRARY_DIR)/Frameworks",
				);
				HEADER_SEARCH_PATHS = (
					"$(USER_LIBRARY_DIR)/Frameworks",
					"$(LOCAL_LIBRARY_DIR)/Frameworks",
				);
				PRODUCT_NAME = "$(TARGET_NAME)";
			};
			name = Debug;
		};
		ED9122A9214C4FD400C98DC6 /* Release */ = {
			isa = XCBuildConfiguration;
			buildSettings = {
				ALWAYS_SEARCH_USER_PATHS = NO;
				DEVELOPMENT_TEAM = H47Z36Q7TF;
				FRAMEWORK_SEARCH_PATHS = (
					"$(USER_LIBRARY_DIR)/Frameworks",
					"$(LOCAL_LIBRARY_DIR)/Frameworks",
				);
				HEADER_SEARCH_PATHS = (
					"$(USER_LIBRARY_DIR)/Frameworks",
					"$(LOCAL_LIBRARY_DIR)/Frameworks",
				);
				PRODUCT_NAME = "$(TARGET_NAME)";
			};
			name = Release;
		};
/* End XCBuildConfiguration section */

/* Begin XCConfigurationList section */
		ED91229B214C4FD400C98DC6 /* Build configuration list for PBXProject "GalagaSDL" */ = {
			isa = XCConfigurationList;
			buildConfigurations = (
				ED9122A5214C4FD400C98DC6 /* Debug */,
				ED9122A6214C4FD400C98DC6 /* Release */,
			);
			defaultConfigurationIsVisible = 0;
			defaultConfigurationName = Release;
		};
		ED9122A7214C4FD400C98DC6 /* Build configuration list for PBXNativeTarget "GalagaSDL" */ = {
			isa = XCConfigurationList;
			buildConfigurations = (
				ED9122A8214C4FD400C98DC6 /* Debug */,
				ED9122A9214C4FD400C98DC6 /* Release */,
			);
			defaultConfigurationIsVisible = 0;
			defaultConfigurationName = Release;
		};
/* End XCConfigurationList section */
	};
	rootObject = ED912298214C4FD400C98DC6 /* Project object */;
}
